
Microsoft Visual Studio Solution File, Format Version 12.00
# Visual Studio Version 16
VisualStudioVersion = 16.0.31729.503
MinimumVisualStudioVersion = 10.0.40219.1
Project("{FAE04EC0-301F-11D3-BF4B-00C04F79EFBC}") = "PCrypt", "PCrypt.csproj", "{7FDCBF99-CF41-4055-B328-3F9E529FF97D}"
EndProject
Global
	GlobalSection(SolutionConfigurationPlatforms) = preSolution
		Debug|Any CPU = Debug|Any CPU
		Release|Any CPU = Release|Any CPU
	EndGlobalSection
	GlobalSection(ProjectConfigurationPlatforms) = postSolution
		{7FDCBF99-CF41-4055-B328-3F9E529FF97D}.Debug|Any CPU.ActiveCfg = Debug|Any CPU
		{7FDCBF99-CF41-4055-B328-3F9E529FF97D}.Debug|Any CPU.Build.0 = Debug|Any CPU
		{7FDCBF99-CF41-4055-B328-3F9E529FF97D}.Release|Any CPU.ActiveCfg = Release|Any CPU
		{7FDCBF99-CF41-4055-B328-3F9E529FF97D}.Release|Any CPU.Build.0 = Release|Any CPU
	EndGlobalSection
	GlobalSection(SolutionProperties) = preSolution
		HideSolutionNode = FALSE
	EndGlobalSection
	GlobalSection(ExtensibilityGlobals) = postSolution
		SolutionGuid = {402E41C9-664E-4B8E-BC77-797F90E02CA4}
	EndGlobalSection
EndGlobal
